// !$*UTF8*$!
{
	archiveVersion = 1;
	classes = {
	};
	objectVersion = 51;
	objects = {

/* Begin PBXBuildFile section */
		4B1E8C0221DCE1C3006861A8 /* AppDelegate.swift in Sources */ = {isa = PBXBuildFile; fileRef = 4B1E8C0121DCE1C3006861A8 /* AppDelegate.swift */; };
		4B1E8C0421DCE1C5006861A8 /* Assets.xcassets in Resources */ = {isa = PBXBuildFile; fileRef = 4B1E8C0321DCE1C5006861A8 /* Assets.xcassets */; };
		4B1E8C0721DCE1C5006861A8 /* MainMenu.xib in Resources */ = {isa = PBXBuildFile; fileRef = 4B1E8C0521DCE1C5006861A8 /* MainMenu.xib */; };
		4B1E8C2221DD1604006861A8 /* libflo_cocoa.a in Frameworks */ = {isa = PBXBuildFile; fileRef = 4B1E8C1821DD116A006861A8 /* libflo_cocoa.a */; };
		4B1E8C2721DD5B7E006861A8 /* FloWindow.swift in Sources */ = {isa = PBXBuildFile; fileRef = 4B1E8C2621DD5B7E006861A8 /* FloWindow.swift */; };
/* End PBXBuildFile section */

/* Begin PBXContainerItemProxy section */
		4B1E8C1321DCE46F006861A8 /* PBXContainerItemProxy */ = {
			isa = PBXContainerItemProxy;
			containerPortal = 4B1E8BF621DCE1C3006861A8 /* Project object */;
			proxyType = 1;
			remoteGlobalIDString = 4B1E8C0F21DCE40B006861A8;
			remoteInfo = FlowBetweenRust;
		};
/* End PBXContainerItemProxy section */

/* Begin PBXFileReference section */
		4B1E8BFE21DCE1C3006861A8 /* FlowBetween.app */ = {isa = PBXFileReference; explicitFileType = wrapper.application; includeInIndex = 0; path = FlowBetween.app; sourceTree = BUILT_PRODUCTS_DIR; };
		4B1E8C0121DCE1C3006861A8 /* AppDelegate.swift */ = {isa = PBXFileReference; lastKnownFileType = sourcecode.swift; path = AppDelegate.swift; sourceTree = "<group>"; };
		4B1E8C0321DCE1C5006861A8 /* Assets.xcassets */ = {isa = PBXFileReference; lastKnownFileType = folder.assetcatalog; path = Assets.xcassets; sourceTree = "<group>"; };
		4B1E8C0621DCE1C5006861A8 /* Base */ = {isa = PBXFileReference; lastKnownFileType = file.xib; name = Base; path = Base.lproj/MainMenu.xib; sourceTree = "<group>"; };
		4B1E8C0821DCE1C5006861A8 /* Info.plist */ = {isa = PBXFileReference; lastKnownFileType = text.plist.xml; path = Info.plist; sourceTree = "<group>"; };
		4B1E8C0921DCE1C5006861A8 /* FlowBetween.entitlements */ = {isa = PBXFileReference; lastKnownFileType = text.plist.entitlements; path = FlowBetween.entitlements; sourceTree = "<group>"; };
		4B1E8C1821DD116A006861A8 /* libflo_cocoa.a */ = {isa = PBXFileReference; explicitFileType = "compiled.mach-o.dylib"; name = libflo_cocoa.a; path = ../target/debug/libflo_cocoa.a; sourceTree = "<group>"; };
		4B1E8C1A21DD1228006861A8 /* libflo_cocoa.dylib */ = {isa = PBXFileReference; lastKnownFileType = "compiled.mach-o.dylib"; name = libflo_cocoa.dylib; path = ../target/debug/libflo_cocoa.dylib; sourceTree = "<group>"; };
		4B1E8C2421DD1668006861A8 /* flo_cocoa.h */ = {isa = PBXFileReference; lastKnownFileType = sourcecode.c.h; path = flo_cocoa.h; sourceTree = "<group>"; };
		4B1E8C2521DD16DC006861A8 /* FlowBetween.h */ = {isa = PBXFileReference; lastKnownFileType = sourcecode.c.h; path = FlowBetween.h; sourceTree = "<group>"; };
		4B1E8C2621DD5B7E006861A8 /* FloWindow.swift */ = {isa = PBXFileReference; lastKnownFileType = sourcecode.swift; path = FloWindow.swift; sourceTree = "<group>"; };
/* End PBXFileReference section */

/* Begin PBXFrameworksBuildPhase section */
		4B1E8BFB21DCE1C3006861A8 /* Frameworks */ = {
			isa = PBXFrameworksBuildPhase;
			buildActionMask = 2147483647;
			files = (
				4B1E8C2221DD1604006861A8 /* libflo_cocoa.a in Frameworks */,
			);
			runOnlyForDeploymentPostprocessing = 0;
		};
/* End PBXFrameworksBuildPhase section */

/* Begin PBXGroup section */
		4B1E8BF521DCE1C3006861A8 = {
			isa = PBXGroup;
			children = (
				4B1E8C0021DCE1C3006861A8 /* FlowBetween */,
				4B1E8BFF21DCE1C3006861A8 /* Products */,
				4B1E8C1521DD1024006861A8 /* Frameworks */,
			);
			sourceTree = "<group>";
		};
		4B1E8BFF21DCE1C3006861A8 /* Products */ = {
			isa = PBXGroup;
			children = (
				4B1E8BFE21DCE1C3006861A8 /* FlowBetween.app */,
			);
			name = Products;
			sourceTree = "<group>";
		};
		4B1E8C0021DCE1C3006861A8 /* FlowBetween */ = {
			isa = PBXGroup;
			children = (
				4B1E8C2321DD164E006861A8 /* CInterop */,
				4B1E8C0121DCE1C3006861A8 /* AppDelegate.swift */,
				4B1E8C0321DCE1C5006861A8 /* Assets.xcassets */,
				4B1E8C0521DCE1C5006861A8 /* MainMenu.xib */,
				4B1E8C0821DCE1C5006861A8 /* Info.plist */,
				4B1E8C0921DCE1C5006861A8 /* FlowBetween.entitlements */,
				4B1E8C2621DD5B7E006861A8 /* FloWindow.swift */,
			);
			path = FlowBetween;
			sourceTree = "<group>";
		};
		4B1E8C1521DD1024006861A8 /* Frameworks */ = {
			isa = PBXGroup;
			children = (
				4B1E8C1A21DD1228006861A8 /* libflo_cocoa.dylib */,
				4B1E8C1821DD116A006861A8 /* libflo_cocoa.a */,
			);
			name = Frameworks;
			sourceTree = "<group>";
		};
		4B1E8C2321DD164E006861A8 /* CInterop */ = {
			isa = PBXGroup;
			children = (
				4B1E8C2421DD1668006861A8 /* flo_cocoa.h */,
				4B1E8C2521DD16DC006861A8 /* FlowBetween.h */,
			);
			path = CInterop;
			sourceTree = "<group>";
		};
/* End PBXGroup section */

/* Begin PBXLegacyTarget section */
		4B1E8C0F21DCE40B006861A8 /* FlowBetweenRust */ = {
			isa = PBXLegacyTarget;
			buildArgumentsString = "build -p flo_cocoa --features cocoa ${CARGO_OPTIONS}";
			buildConfigurationList = 4B1E8C1021DCE40B006861A8 /* Build configuration list for PBXLegacyTarget "FlowBetweenRust" */;
			buildPhases = (
			);
			buildToolPath = "${HOME}/.cargo/bin/cargo";
			buildWorkingDirectory = ..;
			dependencies = (
			);
			name = FlowBetweenRust;
			passBuildSettingsInEnvironment = 1;
			productName = FlowBetweenRust;
		};
/* End PBXLegacyTarget section */

/* Begin PBXNativeTarget section */
		4B1E8BFD21DCE1C3006861A8 /* FlowBetween */ = {
			isa = PBXNativeTarget;
			buildConfigurationList = 4B1E8C0C21DCE1C5006861A8 /* Build configuration list for PBXNativeTarget "FlowBetween" */;
			buildPhases = (
				4B1E8BFA21DCE1C3006861A8 /* Sources */,
				4B1E8BFB21DCE1C3006861A8 /* Frameworks */,
				4B1E8BFC21DCE1C3006861A8 /* Resources */,
			);
			buildRules = (
			);
			dependencies = (
				4B1E8C1421DCE46F006861A8 /* PBXTargetDependency */,
			);
			name = FlowBetween;
			productName = FlowBetween;
			productReference = 4B1E8BFE21DCE1C3006861A8 /* FlowBetween.app */;
			productType = "com.apple.product-type.application";
		};
/* End PBXNativeTarget section */

/* Begin PBXProject section */
		4B1E8BF621DCE1C3006861A8 /* Project object */ = {
			isa = PBXProject;
			attributes = {
				LastSwiftUpdateCheck = 1010;
				LastUpgradeCheck = 1010;
				ORGANIZATIONNAME = "Andrew Hunter";
				TargetAttributes = {
					4B1E8BFD21DCE1C3006861A8 = {
						CreatedOnToolsVersion = 10.1;
					};
					4B1E8C0F21DCE40B006861A8 = {
						CreatedOnToolsVersion = 10.1;
					};
				};
			};
			buildConfigurationList = 4B1E8BF921DCE1C3006861A8 /* Build configuration list for PBXProject "FlowBetween" */;
			compatibilityVersion = "Xcode 10.0";
			developmentRegion = en;
			hasScannedForEncodings = 0;
			knownRegions = (
				en,
				Base,
			);
			mainGroup = 4B1E8BF521DCE1C3006861A8;
			productRefGroup = 4B1E8BFF21DCE1C3006861A8 /* Products */;
			projectDirPath = "";
			projectRoot = "";
			targets = (
				4B1E8BFD21DCE1C3006861A8 /* FlowBetween */,
				4B1E8C0F21DCE40B006861A8 /* FlowBetweenRust */,
			);
		};
/* End PBXProject section */

/* Begin PBXResourcesBuildPhase section */
		4B1E8BFC21DCE1C3006861A8 /* Resources */ = {
			isa = PBXResourcesBuildPhase;
			buildActionMask = 2147483647;
			files = (
				4B1E8C0421DCE1C5006861A8 /* Assets.xcassets in Resources */,
				4B1E8C0721DCE1C5006861A8 /* MainMenu.xib in Resources */,
			);
			runOnlyForDeploymentPostprocessing = 0;
		};
/* End PBXResourcesBuildPhase section */

/* Begin PBXSourcesBuildPhase section */
		4B1E8BFA21DCE1C3006861A8 /* Sources */ = {
			isa = PBXSourcesBuildPhase;
			buildActionMask = 2147483647;
			files = (
				4B1E8C0221DCE1C3006861A8 /* AppDelegate.swift in Sources */,
				4B1E8C2721DD5B7E006861A8 /* FloWindow.swift in Sources */,
			);
			runOnlyForDeploymentPostprocessing = 0;
		};
/* End PBXSourcesBuildPhase section */

/* Begin PBXTargetDependency section */
		4B1E8C1421DCE46F006861A8 /* PBXTargetDependency */ = {
			isa = PBXTargetDependency;
			target = 4B1E8C0F21DCE40B006861A8 /* FlowBetweenRust */;
			targetProxy = 4B1E8C1321DCE46F006861A8 /* PBXContainerItemProxy */;
		};
/* End PBXTargetDependency section */

/* Begin PBXVariantGroup section */
		4B1E8C0521DCE1C5006861A8 /* MainMenu.xib */ = {
			isa = PBXVariantGroup;
			children = (
				4B1E8C0621DCE1C5006861A8 /* Base */,
			);
			name = MainMenu.xib;
			sourceTree = "<group>";
		};
/* End PBXVariantGroup section */

/* Begin XCBuildConfiguration section */
		4B1E8C0A21DCE1C5006861A8 /* Debug */ = {
			isa = XCBuildConfiguration;
			buildSettings = {
				ALWAYS_SEARCH_USER_PATHS = NO;
				CLANG_ANALYZER_NONNULL = YES;
				CLANG_ANALYZER_NUMBER_OBJECT_CONVERSION = YES_AGGRESSIVE;
				CLANG_CXX_LANGUAGE_STANDARD = "gnu++14";
				CLANG_CXX_LIBRARY = "libc++";
				CLANG_ENABLE_MODULES = YES;
				CLANG_ENABLE_OBJC_ARC = YES;
				CLANG_ENABLE_OBJC_WEAK = YES;
				CLANG_WARN_BLOCK_CAPTURE_AUTORELEASING = YES;
				CLANG_WARN_BOOL_CONVERSION = YES;
				CLANG_WARN_COMMA = YES;
				CLANG_WARN_CONSTANT_CONVERSION = YES;
				CLANG_WARN_DEPRECATED_OBJC_IMPLEMENTATIONS = YES;
				CLANG_WARN_DIRECT_OBJC_ISA_USAGE = YES_ERROR;
				CLANG_WARN_DOCUMENTATION_COMMENTS = YES;
				CLANG_WARN_EMPTY_BODY = YES;
				CLANG_WARN_ENUM_CONVERSION = YES;
				CLANG_WARN_INFINITE_RECURSION = YES;
				CLANG_WARN_INT_CONVERSION = YES;
				CLANG_WARN_NON_LITERAL_NULL_CONVERSION = YES;
				CLANG_WARN_OBJC_IMPLICIT_RETAIN_SELF = YES;
				CLANG_WARN_OBJC_LITERAL_CONVERSION = YES;
				CLANG_WARN_OBJC_ROOT_CLASS = YES_ERROR;
				CLANG_WARN_RANGE_LOOP_ANALYSIS = YES;
				CLANG_WARN_STRICT_PROTOTYPES = YES;
				CLANG_WARN_SUSPICIOUS_MOVE = YES;
				CLANG_WARN_UNGUARDED_AVAILABILITY = YES_AGGRESSIVE;
				CLANG_WARN_UNREACHABLE_CODE = YES;
				CLANG_WARN__DUPLICATE_METHOD_MATCH = YES;
				CODE_SIGN_IDENTITY = "Mac Developer";
				COPY_PHASE_STRIP = NO;
				DEBUG_INFORMATION_FORMAT = dwarf;
				ENABLE_STRICT_OBJC_MSGSEND = YES;
				ENABLE_TESTABILITY = YES;
				GCC_C_LANGUAGE_STANDARD = gnu11;
				GCC_DYNAMIC_NO_PIC = NO;
				GCC_NO_COMMON_BLOCKS = YES;
				GCC_OPTIMIZATION_LEVEL = 0;
				GCC_PREPROCESSOR_DEFINITIONS = (
					"DEBUG=1",
					"$(inherited)",
				);
				GCC_WARN_64_TO_32_BIT_CONVERSION = YES;
				GCC_WARN_ABOUT_RETURN_TYPE = YES_ERROR;
				GCC_WARN_UNDECLARED_SELECTOR = YES;
				GCC_WARN_UNINITIALIZED_AUTOS = YES_AGGRESSIVE;
				GCC_WARN_UNUSED_FUNCTION = YES;
				GCC_WARN_UNUSED_VARIABLE = YES;
				MACOSX_DEPLOYMENT_TARGET = 10.14;
				MTL_ENABLE_DEBUG_INFO = INCLUDE_SOURCE;
				MTL_FAST_MATH = YES;
				ONLY_ACTIVE_ARCH = YES;
				SDKROOT = macosx;
				SWIFT_ACTIVE_COMPILATION_CONDITIONS = DEBUG;
				SWIFT_OPTIMIZATION_LEVEL = "-Onone";
			};
			name = Debug;
		};
		4B1E8C0B21DCE1C5006861A8 /* Release */ = {
			isa = XCBuildConfiguration;
			buildSettings = {
				ALWAYS_SEARCH_USER_PATHS = NO;
				CLANG_ANALYZER_NONNULL = YES;
				CLANG_ANALYZER_NUMBER_OBJECT_CONVERSION = YES_AGGRESSIVE;
				CLANG_CXX_LANGUAGE_STANDARD = "gnu++14";
				CLANG_CXX_LIBRARY = "libc++";
				CLANG_ENABLE_MODULES = YES;
				CLANG_ENABLE_OBJC_ARC = YES;
				CLANG_ENABLE_OBJC_WEAK = YES;
				CLANG_WARN_BLOCK_CAPTURE_AUTORELEASING = YES;
				CLANG_WARN_BOOL_CONVERSION = YES;
				CLANG_WARN_COMMA = YES;
				CLANG_WARN_CONSTANT_CONVERSION = YES;
				CLANG_WARN_DEPRECATED_OBJC_IMPLEMENTATIONS = YES;
				CLANG_WARN_DIRECT_OBJC_ISA_USAGE = YES_ERROR;
				CLANG_WARN_DOCUMENTATION_COMMENTS = YES;
				CLANG_WARN_EMPTY_BODY = YES;
				CLANG_WARN_ENUM_CONVERSION = YES;
				CLANG_WARN_INFINITE_RECURSION = YES;
				CLANG_WARN_INT_CONVERSION = YES;
				CLANG_WARN_NON_LITERAL_NULL_CONVERSION = YES;
				CLANG_WARN_OBJC_IMPLICIT_RETAIN_SELF = YES;
				CLANG_WARN_OBJC_LITERAL_CONVERSION = YES;
				CLANG_WARN_OBJC_ROOT_CLASS = YES_ERROR;
				CLANG_WARN_RANGE_LOOP_ANALYSIS = YES;
				CLANG_WARN_STRICT_PROTOTYPES = YES;
				CLANG_WARN_SUSPICIOUS_MOVE = YES;
				CLANG_WARN_UNGUARDED_AVAILABILITY = YES_AGGRESSIVE;
				CLANG_WARN_UNREACHABLE_CODE = YES;
				CLANG_WARN__DUPLICATE_METHOD_MATCH = YES;
				CODE_SIGN_IDENTITY = "Mac Developer";
				COPY_PHASE_STRIP = NO;
				DEBUG_INFORMATION_FORMAT = "dwarf-with-dsym";
				ENABLE_NS_ASSERTIONS = NO;
				ENABLE_STRICT_OBJC_MSGSEND = YES;
				GCC_C_LANGUAGE_STANDARD = gnu11;
				GCC_NO_COMMON_BLOCKS = YES;
				GCC_WARN_64_TO_32_BIT_CONVERSION = YES;
				GCC_WARN_ABOUT_RETURN_TYPE = YES_ERROR;
				GCC_WARN_UNDECLARED_SELECTOR = YES;
				GCC_WARN_UNINITIALIZED_AUTOS = YES_AGGRESSIVE;
				GCC_WARN_UNUSED_FUNCTION = YES;
				GCC_WARN_UNUSED_VARIABLE = YES;
				MACOSX_DEPLOYMENT_TARGET = 10.14;
				MTL_ENABLE_DEBUG_INFO = NO;
				MTL_FAST_MATH = YES;
				SDKROOT = macosx;
				SWIFT_COMPILATION_MODE = wholemodule;
				SWIFT_OPTIMIZATION_LEVEL = "-O";
			};
			name = Release;
		};
		4B1E8C0D21DCE1C5006861A8 /* Debug */ = {
			isa = XCBuildConfiguration;
			buildSettings = {
				ASSETCATALOG_COMPILER_APPICON_NAME = AppIcon;
				CODE_SIGN_ENTITLEMENTS = FlowBetween/FlowBetween.entitlements;
				CODE_SIGN_STYLE = Automatic;
				COMBINE_HIDPI_IMAGES = YES;
				DEVELOPMENT_TEAM = FYA69RFVHB;
				INFOPLIST_FILE = FlowBetween/Info.plist;
				LD_RUNPATH_SEARCH_PATHS = (
					"$(inherited)",
					"@executable_path/../Frameworks",
				);
				"LIBRARY_SEARCH_PATHS[arch=*]" = ../target/debug;
				PRODUCT_BUNDLE_IDENTIFIER = io.logicalshift.FlowBetween;
				PRODUCT_NAME = "$(TARGET_NAME)";
				SWIFT_OBJC_BRIDGING_HEADER = FlowBetween/CInterop/FlowBetween.h;
				SWIFT_VERSION = 4.2;
			};
			name = Debug;
		};
		4B1E8C0E21DCE1C5006861A8 /* Release */ = {
			isa = XCBuildConfiguration;
			buildSettings = {
				ASSETCATALOG_COMPILER_APPICON_NAME = AppIcon;
				CODE_SIGN_ENTITLEMENTS = FlowBetween/FlowBetween.entitlements;
				CODE_SIGN_STYLE = Automatic;
				COMBINE_HIDPI_IMAGES = YES;
				DEVELOPMENT_TEAM = FYA69RFVHB;
				INFOPLIST_FILE = FlowBetween/Info.plist;
				LD_RUNPATH_SEARCH_PATHS = (
					"$(inherited)",
					"@executable_path/../Frameworks",
				);
				"LIBRARY_SEARCH_PATHS[arch=*]" = ../target/release;
				PRODUCT_BUNDLE_IDENTIFIER = io.logicalshift.FlowBetween;
				PRODUCT_NAME = "$(TARGET_NAME)";
				SWIFT_OBJC_BRIDGING_HEADER = FlowBetween/CInterop/FlowBetween.h;
				SWIFT_VERSION = 4.2;
			};
			name = Release;
		};
		4B1E8C1121DCE40B006861A8 /* Debug */ = {
			isa = XCBuildConfiguration;
			buildSettings = {
				CARGO_OPTIONS = "";
				CODE_SIGN_STYLE = Automatic;
				DEBUGGING_SYMBOLS = YES;
				DEBUG_INFORMATION_FORMAT = dwarf;
				DEVELOPMENT_TEAM = FYA69RFVHB;
				GCC_GENERATE_DEBUGGING_SYMBOLS = YES;
				GCC_OPTIMIZATION_LEVEL = 0;
				OTHER_CFLAGS = "";
				OTHER_LDFLAGS = "";
				PRODUCT_NAME = "$(TARGET_NAME)";
			};
			name = Debug;
		};
		4B1E8C1221DCE40B006861A8 /* Release */ = {
			isa = XCBuildConfiguration;
			buildSettings = {
				CARGO_OPTIONS = "--release";
				CODE_SIGN_STYLE = Automatic;
				DEBUG_INFORMATION_FORMAT = "dwarf-with-dsym";
				DEVELOPMENT_TEAM = FYA69RFVHB;
				OTHER_CFLAGS = "";
				OTHER_LDFLAGS = "";
				PRODUCT_NAME = "$(TARGET_NAME)";
			};
			name = Release;
		};
/* End XCBuildConfiguration section */

/* Begin XCConfigurationList section */
		4B1E8BF921DCE1C3006861A8 /* Build configuration list for PBXProject "FlowBetween" */ = {
			isa = XCConfigurationList;
			buildConfigurations = (
				4B1E8C0A21DCE1C5006861A8 /* Debug */,
				4B1E8C0B21DCE1C5006861A8 /* Release */,
			);
			defaultConfigurationIsVisible = 0;
			defaultConfigurationName = Release;
		};
		4B1E8C0C21DCE1C5006861A8 /* Build configuration list for PBXNativeTarget "FlowBetween" */ = {
			isa = XCConfigurationList;
			buildConfigurations = (
				4B1E8C0D21DCE1C5006861A8 /* Debug */,
				4B1E8C0E21DCE1C5006861A8 /* Release */,
			);
			defaultConfigurationIsVisible = 0;
			defaultConfigurationName = Release;
		};
		4B1E8C1021DCE40B006861A8 /* Build configuration list for PBXLegacyTarget "FlowBetweenRust" */ = {
			isa = XCConfigurationList;
			buildConfigurations = (
				4B1E8C1121DCE40B006861A8 /* Debug */,
				4B1E8C1221DCE40B006861A8 /* Release */,
			);
			defaultConfigurationIsVisible = 0;
			defaultConfigurationName = Release;
		};
/* End XCConfigurationList section */
	};
	rootObject = 4B1E8BF621DCE1C3006861A8 /* Project object */;
}
